// !$*UTF8*$!
{
	archiveVersion = 1;
	classes = {
	};
	objectVersion = 50;
	objects = {

/* Begin PBXBuildFile section */
		04BDC5F124FB9CAB00A85D66 /* main.swift in Sources */ = {isa = PBXBuildFile; fileRef = 04BDC5F024FB9CAB00A85D66 /* main.swift */; };
		04BDC5FA24FC869200A85D66 /* Leetcode\3Sum(15).swift in Sources */ = {isa = PBXBuildFile; fileRef = 04BDC5F924FC869200A85D66 /* Leetcode\3Sum(15).swift */; };
		04BDC5FC24FC86F400A85D66 /* Leetcode\cheapest flight within k stops(787).swift in Sources */ = {isa = PBXBuildFile; fileRef = 04BDC5FB24FC86F400A85D66 /* Leetcode\cheapest flight within k stops(787).swift */; };
		04BDC5FE24FC873500A85D66 /* Leetcode\combination sum(39).swift in Sources */ = {isa = PBXBuildFile; fileRef = 04BDC5FD24FC873500A85D66 /* Leetcode\combination sum(39).swift */; };
		04BDC60024FC875E00A85D66 /* leetcode\container with most water(11).swift in Sources */ = {isa = PBXBuildFile; fileRef = 04BDC5FF24FC875E00A85D66 /* leetcode\container with most water(11).swift */; };
		04BDC60224FC878500A85D66 /* Leetcode\count number of teams(1395).swift in Sources */ = {isa = PBXBuildFile; fileRef = 04BDC60124FC878500A85D66 /* Leetcode\count number of teams(1395).swift */; };
		04BDC60424FC87A500A85D66 /* Leetcode\counting bits(338).swift in Sources */ = {isa = PBXBuildFile; fileRef = 04BDC60324FC87A500A85D66 /* Leetcode\counting bits(338).swift */; };
		04BDC60624FC87CB00A85D66 /* Leetcode\find all duplicates in an array(442).swift in Sources */ = {isa = PBXBuildFile; fileRef = 04BDC60524FC87CB00A85D66 /* Leetcode\find all duplicates in an array(442).swift */; };
		04BDC60824FC880C00A85D66 /* find first and last position of elementin sorted array(34).swift in Sources */ = {isa = PBXBuildFile; fileRef = 04BDC60724FC880C00A85D66 /* find first and last position of elementin sorted array(34).swift */; };
		04BDC60A24FC883B00A85D66 /* Leetcode\find peak element(162).swift in Sources */ = {isa = PBXBuildFile; fileRef = 04BDC60924FC883B00A85D66 /* Leetcode\find peak element(162).swift */; };
		04BDC60C24FC885F00A85D66 /* Leetcode\find the duplicate number(287).swift in Sources */ = {isa = PBXBuildFile; fileRef = 04BDC60B24FC885F00A85D66 /* Leetcode\find the duplicate number(287).swift */; };
		04BDC60E24FC88F300A85D66 /* Leetcode\friend circles(547).swift in Sources */ = {isa = PBXBuildFile; fileRef = 04BDC60D24FC88F300A85D66 /* Leetcode\friend circles(547).swift */; };
		04BDC61024FC893900A85D66 /* Leetcode\gas station(134).swift in Sources */ = {isa = PBXBuildFile; fileRef = 04BDC60F24FC893900A85D66 /* Leetcode\gas station(134).swift */; };
		04BDC61224FC896E00A85D66 /* Leetcode\group anagrams(49).swift in Sources */ = {isa = PBXBuildFile; fileRef = 04BDC61124FC896E00A85D66 /* Leetcode\group anagrams(49).swift */; };
		04BDC61424FC899A00A85D66 /* Leetcode\group the people given the group size they belong to(1282).swift in Sources */ = {isa = PBXBuildFile; fileRef = 04BDC61324FC899A00A85D66 /* Leetcode\group the people given the group size they belong to(1282).swift */; };
		04BDC61624FC89C200A85D66 /* Leetcode\kth largest element in an array(215).swift in Sources */ = {isa = PBXBuildFile; fileRef = 04BDC61524FC89C200A85D66 /* Leetcode\kth largest element in an array(215).swift */; };
		04BDC61824FC8A0300A85D66 /* Leetcode\longest increasing subsequence(300).swift in Sources */ = {isa = PBXBuildFile; fileRef = 04BDC61724FC8A0300A85D66 /* Leetcode\longest increasing subsequence(300).swift */; };
		04BDC61A24FC8A3F00A85D66 /* Leetcode\max increase to keep city skyline(807).swift in Sources */ = {isa = PBXBuildFile; fileRef = 04BDC61924FC8A3F00A85D66 /* Leetcode\max increase to keep city skyline(807).swift */; };
		04BDC61C24FC8A6F00A85D66 /* Leetcode\maximum number of coins you can get(1561).swift in Sources */ = {isa = PBXBuildFile; fileRef = 04BDC61B24FC8A6F00A85D66 /* Leetcode\maximum number of coins you can get(1561).swift */; };
		04BDC61E24FC8AA000A85D66 /* Leetcode\minimum add to  make parentheses valid(921).swift in Sources */ = {isa = PBXBuildFile; fileRef = 04BDC61D24FC8AA000A85D66 /* Leetcode\minimum add to  make parentheses valid(921).swift */; };
		04BDC62024FC8AD000A85D66 /* Leetcode\minimum number of steps to make two strings anagram(1347).swift in Sources */ = {isa = PBXBuildFile; fileRef = 04BDC61F24FC8AD000A85D66 /* Leetcode\minimum number of steps to make two strings anagram(1347).swift */; };
		04BDC62224FC8AFC00A85D66 /* Leetcode\minimum operations to make array equal(1551).swift in Sources */ = {isa = PBXBuildFile; fileRef = 04BDC62124FC8AFC00A85D66 /* Leetcode\minimum operations to make array equal(1551).swift */; };
		04BDC62424FC8B1E00A85D66 /* Leetcode\network delay time(743).swift in Sources */ = {isa = PBXBuildFile; fileRef = 04BDC62324FC8B1E00A85D66 /* Leetcode\network delay time(743).swift */; };
		04BDC62624FC8B5500A85D66 /* Leetcode\productof array excepet self(238).swift in Sources */ = {isa = PBXBuildFile; fileRef = 04BDC62524FC8B5500A85D66 /* Leetcode\productof array excepet self(238).swift */; };
		04BDC62824FC8B9700A85D66 /* Leetcode\queries on a permutationwith key(1409).swift in Sources */ = {isa = PBXBuildFile; fileRef = 04BDC62724FC8B9700A85D66 /* Leetcode\queries on a permutationwith key(1409).swift */; };
		04BDC62A24FC8BBD00A85D66 /* Leetcode\queue reconstruction by height(406).swift in Sources */ = {isa = PBXBuildFile; fileRef = 04BDC62924FC8BBD00A85D66 /* Leetcode\queue reconstruction by height(406).swift */; };
		04BDC62C24FC8BF200A85D66 /* Leetcode\reveal cardsin in creasing order(950).swift in Sources */ = {isa = PBXBuildFile; fileRef = 04BDC62B24FC8BF200A85D66 /* Leetcode\reveal cardsin in creasing order(950).swift */; };
		04BDC62E24FC8C1500A85D66 /* Leetcode\subarray sum equals k(560).swift in Sources */ = {isa = PBXBuildFile; fileRef = 04BDC62D24FC8C1500A85D66 /* Leetcode\subarray sum equals k(560).swift */; };
		04BDC63024FC8C3C00A85D66 /* Leetcode\subrectangle queries(1476).swift in Sources */ = {isa = PBXBuildFile; fileRef = 04BDC62F24FC8C3C00A85D66 /* Leetcode\subrectangle queries(1476).swift */; };
		04BDC63224FC8C7700A85D66 /* Leetcode\top k frequent elements(347).swift in Sources */ = {isa = PBXBuildFile; fileRef = 04BDC63124FC8C7700A85D66 /* Leetcode\top k frequent elements(347).swift */; };
		04BDC63424FC8C9E00A85D66 /* Leetcode\two city scheduling(1029).swift in Sources */ = {isa = PBXBuildFile; fileRef = 04BDC63324FC8C9E00A85D66 /* Leetcode\two city scheduling(1029).swift */; };
/* End PBXBuildFile section */

/* Begin PBXCopyFilesBuildPhase section */
		04BDC5EB24FB9CAB00A85D66 /* CopyFiles */ = {
			isa = PBXCopyFilesBuildPhase;
			buildActionMask = 2147483647;
			dstPath = /usr/share/man/man1/;
			dstSubfolderSpec = 0;
			files = (
			);
			runOnlyForDeploymentPostprocessing = 1;
		};
/* End PBXCopyFilesBuildPhase section */

/* Begin PBXFileReference section */
		04BDC5ED24FB9CAB00A85D66 /* leetcode */ = {isa = PBXFileReference; explicitFileType = "compiled.mach-o.executable"; includeInIndex = 0; path = leetcode; sourceTree = BUILT_PRODUCTS_DIR; };
		04BDC5F024FB9CAB00A85D66 /* main.swift */ = {isa = PBXFileReference; lastKnownFileType = sourcecode.swift; path = main.swift; sourceTree = "<group>"; };
		04BDC5F924FC869200A85D66 /* Leetcode\3Sum(15).swift */ = {isa = PBXFileReference; lastKnownFileType = sourcecode.swift; path = "Leetcode\\3Sum(15).swift"; sourceTree = "<group>"; };
		04BDC5FB24FC86F400A85D66 /* Leetcode\cheapest flight within k stops(787).swift */ = {isa = PBXFileReference; lastKnownFileType = sourcecode.swift; path = "Leetcode\\cheapest flight within k stops(787).swift"; sourceTree = "<group>"; };
		04BDC5FD24FC873500A85D66 /* Leetcode\combination sum(39).swift */ = {isa = PBXFileReference; lastKnownFileType = sourcecode.swift; path = "Leetcode\\combination sum(39).swift"; sourceTree = "<group>"; };
		04BDC5FF24FC875E00A85D66 /* leetcode\container with most water(11).swift */ = {isa = PBXFileReference; lastKnownFileType = sourcecode.swift; path = "leetcode\\container with most water(11).swift"; sourceTree = "<group>"; };
		04BDC60124FC878500A85D66 /* Leetcode\count number of teams(1395).swift */ = {isa = PBXFileReference; lastKnownFileType = sourcecode.swift; path = "Leetcode\\count number of teams(1395).swift"; sourceTree = "<group>"; };
		04BDC60324FC87A500A85D66 /* Leetcode\counting bits(338).swift */ = {isa = PBXFileReference; lastKnownFileType = sourcecode.swift; path = "Leetcode\\counting bits(338).swift"; sourceTree = "<group>"; };
		04BDC60524FC87CB00A85D66 /* Leetcode\find all duplicates in an array(442).swift */ = {isa = PBXFileReference; lastKnownFileType = sourcecode.swift; path = "Leetcode\\find all duplicates in an array(442).swift"; sourceTree = "<group>"; };
		04BDC60724FC880C00A85D66 /* find first and last position of elementin sorted array(34).swift */ = {isa = PBXFileReference; lastKnownFileType = sourcecode.swift; path = "find first and last position of elementin sorted array(34).swift"; sourceTree = "<group>"; };
		04BDC60924FC883B00A85D66 /* Leetcode\find peak element(162).swift */ = {isa = PBXFileReference; lastKnownFileType = sourcecode.swift; path = "Leetcode\\find peak element(162).swift"; sourceTree = "<group>"; };
		04BDC60B24FC885F00A85D66 /* Leetcode\find the duplicate number(287).swift */ = {isa = PBXFileReference; lastKnownFileType = sourcecode.swift; path = "Leetcode\\find the duplicate number(287).swift"; sourceTree = "<group>"; };
		04BDC60D24FC88F300A85D66 /* Leetcode\friend circles(547).swift */ = {isa = PBXFileReference; lastKnownFileType = sourcecode.swift; path = "Leetcode\\friend circles(547).swift"; sourceTree = "<group>"; };
		04BDC60F24FC893900A85D66 /* Leetcode\gas station(134).swift */ = {isa = PBXFileReference; lastKnownFileType = sourcecode.swift; path = "Leetcode\\gas station(134).swift"; sourceTree = "<group>"; };
		04BDC61124FC896E00A85D66 /* Leetcode\group anagrams(49).swift */ = {isa = PBXFileReference; lastKnownFileType = sourcecode.swift; path = "Leetcode\\group anagrams(49).swift"; sourceTree = "<group>"; };
		04BDC61324FC899A00A85D66 /* Leetcode\group the people given the group size they belong to(1282).swift */ = {isa = PBXFileReference; lastKnownFileType = sourcecode.swift; path = "Leetcode\\group the people given the group size they belong to(1282).swift"; sourceTree = "<group>"; };
		04BDC61524FC89C200A85D66 /* Leetcode\kth largest element in an array(215).swift */ = {isa = PBXFileReference; lastKnownFileType = sourcecode.swift; path = "Leetcode\\kth largest element in an array(215).swift"; sourceTree = "<group>"; };
		04BDC61724FC8A0300A85D66 /* Leetcode\longest increasing subsequence(300).swift */ = {isa = PBXFileReference; lastKnownFileType = sourcecode.swift; path = "Leetcode\\longest increasing subsequence(300).swift"; sourceTree = "<group>"; };
		04BDC61924FC8A3F00A85D66 /* Leetcode\max increase to keep city skyline(807).swift */ = {isa = PBXFileReference; lastKnownFileType = sourcecode.swift; path = "Leetcode\\max increase to keep city skyline(807).swift"; sourceTree = "<group>"; };
		04BDC61B24FC8A6F00A85D66 /* Leetcode\maximum number of coins you can get(1561).swift */ = {isa = PBXFileReference; lastKnownFileType = sourcecode.swift; path = "Leetcode\\maximum number of coins you can get(1561).swift"; sourceTree = "<group>"; };
		04BDC61D24FC8AA000A85D66 /* Leetcode\minimum add to  make parentheses valid(921).swift */ = {isa = PBXFileReference; lastKnownFileType = sourcecode.swift; path = "Leetcode\\minimum add to  make parentheses valid(921).swift"; sourceTree = "<group>"; };
		04BDC61F24FC8AD000A85D66 /* Leetcode\minimum number of steps to make two strings anagram(1347).swift */ = {isa = PBXFileReference; lastKnownFileType = sourcecode.swift; path = "Leetcode\\minimum number of steps to make two strings anagram(1347).swift"; sourceTree = "<group>"; };
		04BDC62124FC8AFC00A85D66 /* Leetcode\minimum operations to make array equal(1551).swift */ = {isa = PBXFileReference; lastKnownFileType = sourcecode.swift; path = "Leetcode\\minimum operations to make array equal(1551).swift"; sourceTree = "<group>"; };
		04BDC62324FC8B1E00A85D66 /* Leetcode\network delay time(743).swift */ = {isa = PBXFileReference; lastKnownFileType = sourcecode.swift; path = "Leetcode\\network delay time(743).swift"; sourceTree = "<group>"; };
		04BDC62524FC8B5500A85D66 /* Leetcode\productof array excepet self(238).swift */ = {isa = PBXFileReference; lastKnownFileType = sourcecode.swift; path = "Leetcode\\productof array excepet self(238).swift"; sourceTree = "<group>"; };
		04BDC62724FC8B9700A85D66 /* Leetcode\queries on a permutationwith key(1409).swift */ = {isa = PBXFileReference; lastKnownFileType = sourcecode.swift; path = "Leetcode\\queries on a permutationwith key(1409).swift"; sourceTree = "<group>"; };
		04BDC62924FC8BBD00A85D66 /* Leetcode\queue reconstruction by height(406).swift */ = {isa = PBXFileReference; lastKnownFileType = sourcecode.swift; path = "Leetcode\\queue reconstruction by height(406).swift"; sourceTree = "<group>"; };
		04BDC62B24FC8BF200A85D66 /* Leetcode\reveal cardsin in creasing order(950).swift */ = {isa = PBXFileReference; lastKnownFileType = sourcecode.swift; path = "Leetcode\\reveal cardsin in creasing order(950).swift"; sourceTree = "<group>"; };
		04BDC62D24FC8C1500A85D66 /* Leetcode\subarray sum equals k(560).swift */ = {isa = PBXFileReference; lastKnownFileType = sourcecode.swift; path = "Leetcode\\subarray sum equals k(560).swift"; sourceTree = "<group>"; };
		04BDC62F24FC8C3C00A85D66 /* Leetcode\subrectangle queries(1476).swift */ = {isa = PBXFileReference; lastKnownFileType = sourcecode.swift; path = "Leetcode\\subrectangle queries(1476).swift"; sourceTree = "<group>"; };
		04BDC63124FC8C7700A85D66 /* Leetcode\top k frequent elements(347).swift */ = {isa = PBXFileReference; lastKnownFileType = sourcecode.swift; path = "Leetcode\\top k frequent elements(347).swift"; sourceTree = "<group>"; };
		04BDC63324FC8C9E00A85D66 /* Leetcode\two city scheduling(1029).swift */ = {isa = PBXFileReference; lastKnownFileType = sourcecode.swift; path = "Leetcode\\two city scheduling(1029).swift"; sourceTree = "<group>"; };
/* End PBXFileReference section */

/* Begin PBXFrameworksBuildPhase section */
		04BDC5EA24FB9CAB00A85D66 /* Frameworks */ = {
			isa = PBXFrameworksBuildPhase;
			buildActionMask = 2147483647;
			files = (
			);
			runOnlyForDeploymentPostprocessing = 0;
		};
/* End PBXFrameworksBuildPhase section */

/* Begin PBXGroup section */
		04BDC5E424FB9CAB00A85D66 = {
			isa = PBXGroup;
			children = (
				04BDC5EF24FB9CAB00A85D66 /* leetcode */,
				04BDC5EE24FB9CAB00A85D66 /* Products */,
			);
			sourceTree = "<group>";
		};
		04BDC5EE24FB9CAB00A85D66 /* Products */ = {
			isa = PBXGroup;
			children = (
				04BDC5ED24FB9CAB00A85D66 /* leetcode */,
			);
			name = Products;
			sourceTree = "<group>";
		};
		04BDC5EF24FB9CAB00A85D66 /* leetcode */ = {
			isa = PBXGroup;
			children = (
				04BDC5F024FB9CAB00A85D66 /* main.swift */,
				04BDC5F924FC869200A85D66 /* Leetcode\3Sum(15).swift */,
				04BDC5FB24FC86F400A85D66 /* Leetcode\cheapest flight within k stops(787).swift */,
				04BDC5FD24FC873500A85D66 /* Leetcode\combination sum(39).swift */,
				04BDC5FF24FC875E00A85D66 /* leetcode\container with most water(11).swift */,
				04BDC60124FC878500A85D66 /* Leetcode\count number of teams(1395).swift */,
				04BDC60324FC87A500A85D66 /* Leetcode\counting bits(338).swift */,
				04BDC60524FC87CB00A85D66 /* Leetcode\find all duplicates in an array(442).swift */,
				04BDC60724FC880C00A85D66 /* find first and last position of elementin sorted array(34).swift */,
				04BDC60924FC883B00A85D66 /* Leetcode\find peak element(162).swift */,
				04BDC60B24FC885F00A85D66 /* Leetcode\find the duplicate number(287).swift */,
				04BDC60D24FC88F300A85D66 /* Leetcode\friend circles(547).swift */,
				04BDC60F24FC893900A85D66 /* Leetcode\gas station(134).swift */,
				04BDC61124FC896E00A85D66 /* Leetcode\group anagrams(49).swift */,
				04BDC61324FC899A00A85D66 /* Leetcode\group the people given the group size they belong to(1282).swift */,
				04BDC61524FC89C200A85D66 /* Leetcode\kth largest element in an array(215).swift */,
				04BDC61724FC8A0300A85D66 /* Leetcode\longest increasing subsequence(300).swift */,
				04BDC61924FC8A3F00A85D66 /* Leetcode\max increase to keep city skyline(807).swift */,
				04BDC61B24FC8A6F00A85D66 /* Leetcode\maximum number of coins you can get(1561).swift */,
				04BDC61D24FC8AA000A85D66 /* Leetcode\minimum add to  make parentheses valid(921).swift */,
				04BDC61F24FC8AD000A85D66 /* Leetcode\minimum number of steps to make two strings anagram(1347).swift */,
				04BDC62124FC8AFC00A85D66 /* Leetcode\minimum operations to make array equal(1551).swift */,
				04BDC62324FC8B1E00A85D66 /* Leetcode\network delay time(743).swift */,
				04BDC62524FC8B5500A85D66 /* Leetcode\productof array excepet self(238).swift */,
				04BDC62724FC8B9700A85D66 /* Leetcode\queries on a permutationwith key(1409).swift */,
				04BDC62924FC8BBD00A85D66 /* Leetcode\queue reconstruction by height(406).swift */,
				04BDC62B24FC8BF200A85D66 /* Leetcode\reveal cardsin in creasing order(950).swift */,
				04BDC62D24FC8C1500A85D66 /* Leetcode\subarray sum equals k(560).swift */,
				04BDC62F24FC8C3C00A85D66 /* Leetcode\subrectangle queries(1476).swift */,
				04BDC63124FC8C7700A85D66 /* Leetcode\top k frequent elements(347).swift */,
				04BDC63324FC8C9E00A85D66 /* Leetcode\two city scheduling(1029).swift */,
			);
			path = leetcode;
			sourceTree = "<group>";
		};
/* End PBXGroup section */

/* Begin PBXNativeTarget section */
		04BDC5EC24FB9CAB00A85D66 /* leetcode */ = {
			isa = PBXNativeTarget;
			buildConfigurationList = 04BDC5F424FB9CAB00A85D66 /* Build configuration list for PBXNativeTarget "leetcode" */;
			buildPhases = (
				04BDC5E924FB9CAB00A85D66 /* Sources */,
				04BDC5EA24FB9CAB00A85D66 /* Frameworks */,
				04BDC5EB24FB9CAB00A85D66 /* CopyFiles */,
			);
			buildRules = (
			);
			dependencies = (
			);
			name = leetcode;
			productName = leetcode;
			productReference = 04BDC5ED24FB9CAB00A85D66 /* leetcode */;
			productType = "com.apple.product-type.tool";
		};
/* End PBXNativeTarget section */

/* Begin PBXProject section */
		04BDC5E524FB9CAB00A85D66 /* Project object */ = {
			isa = PBXProject;
			attributes = {
				LastSwiftUpdateCheck = 1150;
				LastUpgradeCheck = 1150;
				ORGANIZATIONNAME = Rick;
				TargetAttributes = {
					04BDC5EC24FB9CAB00A85D66 = {
						CreatedOnToolsVersion = 11.5;
					};
				};
			};
			buildConfigurationList = 04BDC5E824FB9CAB00A85D66 /* Build configuration list for PBXProject "leetcode" */;
			compatibilityVersion = "Xcode 9.3";
			developmentRegion = en;
			hasScannedForEncodings = 0;
			knownRegions = (
				en,
				Base,
			);
			mainGroup = 04BDC5E424FB9CAB00A85D66;
			productRefGroup = 04BDC5EE24FB9CAB00A85D66 /* Products */;
			projectDirPath = "";
			projectRoot = "";
			targets = (
				04BDC5EC24FB9CAB00A85D66 /* leetcode */,
			);
		};
/* End PBXProject section */

/* Begin PBXSourcesBuildPhase section */
		04BDC5E924FB9CAB00A85D66 /* Sources */ = {
			isa = PBXSourcesBuildPhase;
			buildActionMask = 2147483647;
			files = (
				04BDC62A24FC8BBD00A85D66 /* Leetcode\queue reconstruction by height(406).swift in Sources */,
				04BDC63224FC8C7700A85D66 /* Leetcode\top k frequent elements(347).swift in Sources */,
				04BDC63424FC8C9E00A85D66 /* Leetcode\two city scheduling(1029).swift in Sources */,
				04BDC63024FC8C3C00A85D66 /* Leetcode\subrectangle queries(1476).swift in Sources */,
				04BDC60224FC878500A85D66 /* Leetcode\count number of teams(1395).swift in Sources */,
				04BDC61C24FC8A6F00A85D66 /* Leetcode\maximum number of coins you can get(1561).swift in Sources */,
				04BDC62024FC8AD000A85D66 /* Leetcode\minimum number of steps to make two strings anagram(1347).swift in Sources */,
				04BDC60024FC875E00A85D66 /* leetcode\container with most water(11).swift in Sources */,
				04BDC61E24FC8AA000A85D66 /* Leetcode\minimum add to  make parentheses valid(921).swift in Sources */,
				04BDC61624FC89C200A85D66 /* Leetcode\kth largest element in an array(215).swift in Sources */,
				04BDC62824FC8B9700A85D66 /* Leetcode\queries on a permutationwith key(1409).swift in Sources */,
				04BDC61A24FC8A3F00A85D66 /* Leetcode\max increase to keep city skyline(807).swift in Sources */,
				04BDC62624FC8B5500A85D66 /* Leetcode\productof array excepet self(238).swift in Sources */,
				04BDC62424FC8B1E00A85D66 /* Leetcode\network delay time(743).swift in Sources */,
				04BDC60824FC880C00A85D66 /* find first and last position of elementin sorted array(34).swift in Sources */,
				04BDC60A24FC883B00A85D66 /* Leetcode\find peak element(162).swift in Sources */,
				04BDC61824FC8A0300A85D66 /* Leetcode\longest increasing subsequence(300).swift in Sources */,
				04BDC5FA24FC869200A85D66 /* Leetcode\3Sum(15).swift in Sources */,
				04BDC60624FC87CB00A85D66 /* Leetcode\find all duplicates in an array(442).swift in Sources */,
				04BDC5FC24FC86F400A85D66 /* Leetcode\cheapest flight within k stops(787).swift in Sources */,
				04BDC5F124FB9CAB00A85D66 /* main.swift in Sources */,
				04BDC60E24FC88F300A85D66 /* Leetcode\friend circles(547).swift in Sources */,
				04BDC61024FC893900A85D66 /* Leetcode\gas station(134).swift in Sources */,
				04BDC62224FC8AFC00A85D66 /* Leetcode\minimum operations to make array equal(1551).swift in Sources */,
				04BDC62E24FC8C1500A85D66 /* Leetcode\subarray sum equals k(560).swift in Sources */,
				04BDC60424FC87A500A85D66 /* Leetcode\counting bits(338).swift in Sources */,
				04BDC60C24FC885F00A85D66 /* Leetcode\find the duplicate number(287).swift in Sources */,
				04BDC62C24FC8BF200A85D66 /* Leetcode\reveal cardsin in creasing order(950).swift in Sources */,
				04BDC61224FC896E00A85D66 /* Leetcode\group anagrams(49).swift in Sources */,
				04BDC61424FC899A00A85D66 /* Leetcode\group the people given the group size they belong to(1282).swift in Sources */,
				04BDC5FE24FC873500A85D66 /* Leetcode\combination sum(39).swift in Sources */,
			);
			runOnlyForDeploymentPostprocessing = 0;
		};
/* End PBXSourcesBuildPhase section */

/* Begin XCBuildConfiguration section */
		04BDC5F224FB9CAB00A85D66 /* Debug */ = {
			isa = XCBuildConfiguration;
			buildSettings = {
				ALWAYS_SEARCH_USER_PATHS = NO;
				CLANG_ANALYZER_NONNULL = YES;
				CLANG_ANALYZER_NUMBER_OBJECT_CONVERSION = YES_AGGRESSIVE;
				CLANG_CXX_LANGUAGE_STANDARD = "gnu++14";
				CLANG_CXX_LIBRARY = "libc++";
				CLANG_ENABLE_MODULES = YES;
				CLANG_ENABLE_OBJC_ARC = YES;
				CLANG_ENABLE_OBJC_WEAK = YES;
				CLANG_WARN_BLOCK_CAPTURE_AUTORELEASING = YES;
				CLANG_WARN_BOOL_CONVERSION = YES;
				CLANG_WARN_COMMA = YES;
				CLANG_WARN_CONSTANT_CONVERSION = YES;
				CLANG_WARN_DEPRECATED_OBJC_IMPLEMENTATIONS = YES;
				CLANG_WARN_DIRECT_OBJC_ISA_USAGE = YES_ERROR;
				CLANG_WARN_DOCUMENTATION_COMMENTS = YES;
				CLANG_WARN_EMPTY_BODY = YES;
				CLANG_WARN_ENUM_CONVERSION = YES;
				CLANG_WARN_INFINITE_RECURSION = YES;
				CLANG_WARN_INT_CONVERSION = YES;
				CLANG_WARN_NON_LITERAL_NULL_CONVERSION = YES;
				CLANG_WARN_OBJC_IMPLICIT_RETAIN_SELF = YES;
				CLANG_WARN_OBJC_LITERAL_CONVERSION = YES;
				CLANG_WARN_OBJC_ROOT_CLASS = YES_ERROR;
				CLANG_WARN_RANGE_LOOP_ANALYSIS = YES;
				CLANG_WARN_STRICT_PROTOTYPES = YES;
				CLANG_WARN_SUSPICIOUS_MOVE = YES;
				CLANG_WARN_UNGUARDED_AVAILABILITY = YES_AGGRESSIVE;
				CLANG_WARN_UNREACHABLE_CODE = YES;
				CLANG_WARN__DUPLICATE_METHOD_MATCH = YES;
				COPY_PHASE_STRIP = NO;
				DEBUG_INFORMATION_FORMAT = dwarf;
				ENABLE_STRICT_OBJC_MSGSEND = YES;
				ENABLE_TESTABILITY = YES;
				GCC_C_LANGUAGE_STANDARD = gnu11;
				GCC_DYNAMIC_NO_PIC = NO;
				GCC_NO_COMMON_BLOCKS = YES;
				GCC_OPTIMIZATION_LEVEL = 0;
				GCC_PREPROCESSOR_DEFINITIONS = (
					"DEBUG=1",
					"$(inherited)",
				);
				GCC_WARN_64_TO_32_BIT_CONVERSION = YES;
				GCC_WARN_ABOUT_RETURN_TYPE = YES_ERROR;
				GCC_WARN_UNDECLARED_SELECTOR = YES;
				GCC_WARN_UNINITIALIZED_AUTOS = YES_AGGRESSIVE;
				GCC_WARN_UNUSED_FUNCTION = YES;
				GCC_WARN_UNUSED_VARIABLE = YES;
				MACOSX_DEPLOYMENT_TARGET = 10.15;
				MTL_ENABLE_DEBUG_INFO = INCLUDE_SOURCE;
				MTL_FAST_MATH = YES;
				ONLY_ACTIVE_ARCH = YES;
				SDKROOT = macosx;
				SWIFT_ACTIVE_COMPILATION_CONDITIONS = DEBUG;
				SWIFT_OPTIMIZATION_LEVEL = "-Onone";
			};
			name = Debug;
		};
		04BDC5F324FB9CAB00A85D66 /* Release */ = {
			isa = XCBuildConfiguration;
			buildSettings = {
				ALWAYS_SEARCH_USER_PATHS = NO;
				CLANG_ANALYZER_NONNULL = YES;
				CLANG_ANALYZER_NUMBER_OBJECT_CONVERSION = YES_AGGRESSIVE;
				CLANG_CXX_LANGUAGE_STANDARD = "gnu++14";
				CLANG_CXX_LIBRARY = "libc++";
				CLANG_ENABLE_MODULES = YES;
				CLANG_ENABLE_OBJC_ARC = YES;
				CLANG_ENABLE_OBJC_WEAK = YES;
				CLANG_WARN_BLOCK_CAPTURE_AUTORELEASING = YES;
				CLANG_WARN_BOOL_CONVERSION = YES;
				CLANG_WARN_COMMA = YES;
				CLANG_WARN_CONSTANT_CONVERSION = YES;
				CLANG_WARN_DEPRECATED_OBJC_IMPLEMENTATIONS = YES;
				CLANG_WARN_DIRECT_OBJC_ISA_USAGE = YES_ERROR;
				CLANG_WARN_DOCUMENTATION_COMMENTS = YES;
				CLANG_WARN_EMPTY_BODY = YES;
				CLANG_WARN_ENUM_CONVERSION = YES;
				CLANG_WARN_INFINITE_RECURSION = YES;
				CLANG_WARN_INT_CONVERSION = YES;
				CLANG_WARN_NON_LITERAL_NULL_CONVERSION = YES;
				CLANG_WARN_OBJC_IMPLICIT_RETAIN_SELF = YES;
				CLANG_WARN_OBJC_LITERAL_CONVERSION = YES;
				CLANG_WARN_OBJC_ROOT_CLASS = YES_ERROR;
				CLANG_WARN_RANGE_LOOP_ANALYSIS = YES;
				CLANG_WARN_STRICT_PROTOTYPES = YES;
				CLANG_WARN_SUSPICIOUS_MOVE = YES;
				CLANG_WARN_UNGUARDED_AVAILABILITY = YES_AGGRESSIVE;
				CLANG_WARN_UNREACHABLE_CODE = YES;
				CLANG_WARN__DUPLICATE_METHOD_MATCH = YES;
				COPY_PHASE_STRIP = NO;
				DEBUG_INFORMATION_FORMAT = "dwarf-with-dsym";
				ENABLE_NS_ASSERTIONS = NO;
				ENABLE_STRICT_OBJC_MSGSEND = YES;
				GCC_C_LANGUAGE_STANDARD = gnu11;
				GCC_NO_COMMON_BLOCKS = YES;
				GCC_WARN_64_TO_32_BIT_CONVERSION = YES;
				GCC_WARN_ABOUT_RETURN_TYPE = YES_ERROR;
				GCC_WARN_UNDECLARED_SELECTOR = YES;
				GCC_WARN_UNINITIALIZED_AUTOS = YES_AGGRESSIVE;
				GCC_WARN_UNUSED_FUNCTION = YES;
				GCC_WARN_UNUSED_VARIABLE = YES;
				MACOSX_DEPLOYMENT_TARGET = 10.15;
				MTL_ENABLE_DEBUG_INFO = NO;
				MTL_FAST_MATH = YES;
				SDKROOT = macosx;
				SWIFT_COMPILATION_MODE = wholemodule;
				SWIFT_OPTIMIZATION_LEVEL = "-O";
			};
			name = Release;
		};
		04BDC5F524FB9CAB00A85D66 /* Debug */ = {
			isa = XCBuildConfiguration;
			buildSettings = {
				CODE_SIGN_STYLE = Automatic;
				DEVELOPMENT_TEAM = 8DYKCV9AP9;
				ENABLE_HARDENED_RUNTIME = YES;
				PRODUCT_NAME = "$(TARGET_NAME)";
				SWIFT_VERSION = 5.0;
			};
			name = Debug;
		};
		04BDC5F624FB9CAB00A85D66 /* Release */ = {
			isa = XCBuildConfiguration;
			buildSettings = {
				CODE_SIGN_STYLE = Automatic;
				DEVELOPMENT_TEAM = 8DYKCV9AP9;
				ENABLE_HARDENED_RUNTIME = YES;
				PRODUCT_NAME = "$(TARGET_NAME)";
				SWIFT_VERSION = 5.0;
			};
			name = Release;
		};
/* End XCBuildConfiguration section */

/* Begin XCConfigurationList section */
		04BDC5E824FB9CAB00A85D66 /* Build configuration list for PBXProject "leetcode" */ = {
			isa = XCConfigurationList;
			buildConfigurations = (
				04BDC5F224FB9CAB00A85D66 /* Debug */,
				04BDC5F324FB9CAB00A85D66 /* Release */,
			);
			defaultConfigurationIsVisible = 0;
			defaultConfigurationName = Release;
		};
		04BDC5F424FB9CAB00A85D66 /* Build configuration list for PBXNativeTarget "leetcode" */ = {
			isa = XCConfigurationList;
			buildConfigurations = (
				04BDC5F524FB9CAB00A85D66 /* Debug */,
				04BDC5F624FB9CAB00A85D66 /* Release */,
			);
			defaultConfigurationIsVisible = 0;
			defaultConfigurationName = Release;
		};
/* End XCConfigurationList section */
	};
	rootObject = 04BDC5E524FB9CAB00A85D66 /* Project object */;
}
